
Microsoft Visual Studio Solution File, Format Version 12.00
# Visual Studio Version 16
VisualStudioVersion = 16.0.29009.5
MinimumVisualStudioVersion = 10.0.40219.1
Project("{FAE04EC0-301F-11D3-BF4B-00C04F79EFBC}") = "EncryptionApp", "EncryptionApp.csproj", "{92E79F74-2706-4F94-8DD4-F36AF7CCC2AE}"
EndProject
Global
	GlobalSection(SolutionConfigurationPlatforms) = preSolution
		Debug|Any CPU = Debug|Any CPU
		Release|Any CPU = Release|Any CPU
	EndGlobalSection
	GlobalSection(ProjectConfigurationPlatforms) = postSolution
		{92E79F74-2706-4F94-8DD4-F36AF7CCC2AE}.Debug|Any CPU.ActiveCfg = Debug|Any CPU
		{92E79F74-2706-4F94-8DD4-F36AF7CCC2AE}.Debug|Any CPU.Build.0 = Debug|Any CPU
		{92E79F74-2706-4F94-8DD4-F36AF7CCC2AE}.Release|Any CPU.ActiveCfg = Release|Any CPU
		{92E79F74-2706-4F94-8DD4-F36AF7CCC2AE}.Release|Any CPU.Build.0 = Release|Any CPU
	EndGlobalSection
	GlobalSection(SolutionProperties) = preSolution
		HideSolutionNode = FALSE
	EndGlobalSection
	GlobalSection(ExtensibilityGlobals) = postSolution
		SolutionGuid = {8ACC266F-C34A-4DC4-9D32-8A973E3E0B80}
	EndGlobalSection
EndGlobal
