
Microsoft Visual Studio Solution File, Format Version 12.00
# Visual Studio Version 16
VisualStudioVersion = 16.0.29009.5
MinimumVisualStudioVersion = 10.0.40219.1
Project("{FAE04EC0-301F-11D3-BF4B-00C04F79EFBC}") = "FontChaosApp", "FontChaosApp.csproj", "{D807192F-9658-4450-8562-12CBA122ECB4}"
EndProject
Global
	GlobalSection(SolutionConfigurationPlatforms) = preSolution
		Debug|Any CPU = Debug|Any CPU
		Release|Any CPU = Release|Any CPU
	EndGlobalSection
	GlobalSection(ProjectConfigurationPlatforms) = postSolution
		{D807192F-9658-4450-8562-12CBA122ECB4}.Debug|Any CPU.ActiveCfg = Debug|Any CPU
		{D807192F-9658-4450-8562-12CBA122ECB4}.Debug|Any CPU.Build.0 = Debug|Any CPU
		{D807192F-9658-4450-8562-12CBA122ECB4}.Release|Any CPU.ActiveCfg = Release|Any CPU
		{D807192F-9658-4450-8562-12CBA122ECB4}.Release|Any CPU.Build.0 = Release|Any CPU
	EndGlobalSection
	GlobalSection(SolutionProperties) = preSolution
		HideSolutionNode = FALSE
	EndGlobalSection
	GlobalSection(ExtensibilityGlobals) = postSolution
		SolutionGuid = {FDB220B8-EDE7-440A-BDAA-E1E60DBB3954}
	EndGlobalSection
EndGlobal
